{
  "name": "probex-ui",
  "version": "0.0.0",
  "lockfileVersion": 3,
  "requires": true,
  "packages": {
    "": {
      "name": "probex-ui",
      "version": "0.0.0",
      "license": "UNLICENSED",
      "dependencies": {
        "@klinecharts/extension": "0.1.0",
        "echarts": "6.1.0",
        "klinecharts": "10.0.3"
      }
    },
    "node_modules/@klinecharts/extension": {
      "version": "0.1.0",
      "resolved": "https://registry.npmjs.org/@klinecharts/extension/-/extension-0.1.0.tgz",
      "integrity": "sha512-erJtbq4MBpa1EGYgjR7TNZQ9Rh0RoNGRt4lHFQlCjNolETsA6Xx6+puj7Q7JLTT4rWS4SZJ/UXh2I/4+aRZsUQ==",
      "license": "Apache-2.0",
      "peerDependencies": {
        "klinecharts": ">=10.0.0"
      }
    },
    "node_modules/echarts": {
      "version": "6.1.0",
      "resolved": "https://registry.npmjs.org/echarts/-/echarts-6.1.0.tgz",
      "integrity": "sha512-q0yaFPggC9FUdsWH4blavRWFmxdrIodbkoKNAjJudAI6CA9gNPxHtV2RcZNEepZVlk4yvBYkOkbk6HIVpIyHZA==",
      "license": "Apache-2.0",
      "dependencies": {
        "tslib": "2.3.0",
        "zrender": "6.1.0"
      }
    },
    "node_modules/klinecharts": {
      "version": "10.0.3",
      "resolved": "https://registry.npmjs.org/klinecharts/-/klinecharts-10.0.3.tgz",
      "integrity": "sha512-phvf5CyS7oGE46nuC+nxQxl9D+8+5w8q3reExh0oNeMV1Jws4X0CMHNkOI9xlNA/XWctNS5whZ3PqIJi8YM2Tw==",
      "license": "Apache-2.0"
    },
    "node_modules/tslib": {
      "version": "2.3.0",
      "resolved": "https://registry.npmjs.org/tslib/-/tslib-2.3.0.tgz",
      "integrity": "sha512-N82ooyxVNm6h1riLCoyS9e3fuJ3AMG2zIZs2Gd1ATcSFjSA23Q0fzjjZeh0jbJvWVDZ0cJT8yaNNaaXHzueNjg==",
      "license": "0BSD"
    },
    "node_modules/zrender": {
      "version": "6.1.0",
      "resolved": "https://registry.npmjs.org/zrender/-/zrender-6.1.0.tgz",
      "integrity": "sha512-oEGMDB6pOP2S6OwRR4PdVv610zrjnA3Bh+JnSG12fYJlBKjtNAoEb5fSUoCOOINlH96I2fU38/A2UpRKs67xYQ==",
      "license": "BSD-3-Clause",
      "dependencies": {
        "tslib": "2.3.0"
      }
    }
  }
}
